Microsoft Visual Studio Solution File, Format Version 11.00
# Visual Studio 2008

Project("{8D1C2A76-8DBA-73EE-2C4C-E0234ED8FA14}") = "ChordBusters", "Assembly-CSharp.csproj", "{9617CE4D-C996-83D4-2A5E-4E8740FD8BD8}"
EndProject
Project("{8D1C2A76-8DBA-73EE-2C4C-E0234ED8FA14}") = "ChordBusters", "Assembly-CSharp-Editor.csproj", "{01E9FFE9-BF83-6B71-8CDA-3BBC68717115}"
EndProject
Global
	GlobalSection(SolutionConfigurationPlatforms) = preSolution
		Debug|Any CPU = Debug|Any CPU
		Release|Any CPU = Release|Any CPU
	EndGlobalSection
	GlobalSection(ProjectConfigurationPlatforms) = postSolution
		{9617CE4D-C996-83D4-2A5E-4E8740FD8BD8}.Debug|Any CPU.ActiveCfg = Debug|Any CPU
		{9617CE4D-C996-83D4-2A5E-4E8740FD8BD8}.Debug|Any CPU.Build.0 = Debug|Any CPU
		{9617CE4D-C996-83D4-2A5E-4E8740FD8BD8}.Release|Any CPU.ActiveCfg = Release|Any CPU
		{9617CE4D-C996-83D4-2A5E-4E8740FD8BD8}.Release|Any CPU.Build.0 = Release|Any CPU
		{01E9FFE9-BF83-6B71-8CDA-3BBC68717115}.Debug|Any CPU.ActiveCfg = Debug|Any CPU
		{01E9FFE9-BF83-6B71-8CDA-3BBC68717115}.Debug|Any CPU.Build.0 = Debug|Any CPU
		{01E9FFE9-BF83-6B71-8CDA-3BBC68717115}.Release|Any CPU.ActiveCfg = Release|Any CPU
		{01E9FFE9-BF83-6B71-8CDA-3BBC68717115}.Release|Any CPU.Build.0 = Release|Any CPU
	EndGlobalSection
	GlobalSection(SolutionProperties) = preSolution
		HideSolutionNode = FALSE
	EndGlobalSection
	GlobalSection(MonoDevelopProperties) = preSolution
		StartupItem = Assembly-CSharp.csproj
	EndGlobalSection
EndGlobal
